{
    "version": 3,
    "terraform_version": "0.10.6",
    "serial": 14,
    "lineage": "14e843ac-e555-44a9-a416-0d0311c14421",
    "modules": [
        {
            "path": [
                "root"
            ],
            "outputs": {},
            "resources": {
                "aws_instance.zetcd.0": {
                    "type": "aws_instance",
                    "depends_on": [
                        "data.ignition_config.zetcd_config.*",
                        "module.private_subnets",
                        "module.private_zone"
                    ],
                    "primary": {
                        "id": "i-0ef092da2c9299734",
                        "attributes": {
                            "ami": "ami-82bd41fa",
                            "associate_public_ip_address": "false",
                            "availability_zone": "us-west-2a",
                            "disable_api_termination": "false",
                            "ebs_block_device.#": "0",
                            "ebs_optimized": "false",
                            "ephemeral_block_device.#": "0",
                            "iam_instance_profile": "",
                            "id": "i-0ef092da2c9299734",
                            "instance_state": "running",
                            "instance_type": "t2.micro",
                            "ipv6_addresses.#": "0",
                            "key_name": "sandbox",
                            "monitoring": "false",
                            "network_interface.#": "0",
                            "network_interface_id": "eni-902531be",
                            "primary_network_interface_id": "eni-902531be",
                            "private_dns": "ip-192-168-1-5.us-west-2.compute.internal",
                            "private_ip": "192.168.1.5",
                            "public_dns": "",
                            "public_ip": "",
                            "root_block_device.#": "1",
                            "root_block_device.0.delete_on_termination": "true",
                            "root_block_device.0.iops": "100",
                            "root_block_device.0.volume_size": "8",
                            "root_block_device.0.volume_type": "gp2",
                            "security_groups.#": "0",
                            "source_dest_check": "true",
                            "subnet_id": "subnet-e2b03284",
                            "tags.%": "2",
                            "tags.Name": "zetcd-0",
                            "tags.Terraform": "true",
                            "tenancy": "default",
                            "user_data": "658bb85d99f44f4b49da488c86ada8bc86bf40e6",
                            "volume_tags.%": "0",
                            "vpc_security_group_ids.#": "1",
                            "vpc_security_group_ids.2744440757": "sg-0d76d670"
                        },
                        "meta": {
                            "e2bfb730-ecaa-11e6-8f88-34363bc7c4c0": {
                                "create": 600000000000,
                                "delete": 600000000000,
                                "update": 600000000000
                            },
                            "schema_version": "1"
                        },
                        "tainted": false
                    },
                    "deposed": [],
                    "provider": ""
                },
                "aws_instance.zetcd.1": {
                    "type": "aws_instance",
                    "depends_on": [
                        "data.ignition_config.zetcd_config.*",
                        "module.private_subnets",
                        "module.private_zone"
                    ],
                    "primary": {
                        "id": "i-0f564e0e8e119f2c9",
                        "attributes": {
                            "ami": "ami-82bd41fa",
                            "associate_public_ip_address": "false",
                            "availability_zone": "us-west-2b",
                            "disable_api_termination": "false",
                            "ebs_block_device.#": "0",
                            "ebs_optimized": "false",
                            "ephemeral_block_device.#": "0",
                            "iam_instance_profile": "",
                            "id": "i-0f564e0e8e119f2c9",
                            "instance_state": "running",
                            "instance_type": "t2.micro",
                            "ipv6_addresses.#": "0",
                            "key_name": "sandbox",
                            "monitoring": "false",
                            "network_interface.#": "0",
                            "network_interface_id": "eni-665e9c56",
                            "primary_network_interface_id": "eni-665e9c56",
                            "private_dns": "ip-192-168-1-75.us-west-2.compute.internal",
                            "private_ip": "192.168.1.75",
                            "public_dns": "",
                            "public_ip": "",
                            "root_block_device.#": "1",
                            "root_block_device.0.delete_on_termination": "true",
                            "root_block_device.0.iops": "100",
                            "root_block_device.0.volume_size": "8",
                            "root_block_device.0.volume_type": "gp2",
                            "security_groups.#": "0",
                            "source_dest_check": "true",
                            "subnet_id": "subnet-2a812262",
                            "tags.%": "2",
                            "tags.Name": "zetcd-1",
                            "tags.Terraform": "true",
                            "tenancy": "default",
                            "user_data": "95f6d611b3af08c4b9e53b2d8137db2315ac9015",
                            "volume_tags.%": "0",
                            "vpc_security_group_ids.#": "1",
                            "vpc_security_group_ids.2744440757": "sg-0d76d670"
                        },
                        "meta": {
                            "e2bfb730-ecaa-11e6-8f88-34363bc7c4c0": {
                                "create": 600000000000,
                                "delete": 600000000000,
                                "update": 600000000000
                            },
                            "schema_version": "1"
                        },
                        "tainted": false
                    },
                    "deposed": [],
                    "provider": ""
                },
                "aws_instance.zetcd.2": {
                    "type": "aws_instance",
                    "depends_on": [
                        "data.ignition_config.zetcd_config.*",
                        "module.private_subnets",
                        "module.private_zone"
                    ],
                    "primary": {
                        "id": "i-0638d044321f2725d",
                        "attributes": {
                            "ami": "ami-82bd41fa",
                            "associate_public_ip_address": "false",
                            "availability_zone": "us-west-2c",
                            "disable_api_termination": "false",
                            "ebs_block_device.#": "0",
                            "ebs_optimized": "false",
                            "ephemeral_block_device.#": "0",
                            "iam_instance_profile": "",
                            "id": "i-0638d044321f2725d",
                            "instance_state": "running",
                            "instance_type": "t2.micro",
                            "ipv6_addresses.#": "0",
                            "key_name": "sandbox",
                            "monitoring": "false",
                            "network_interface.#": "0",
                            "network_interface_id": "eni-caff1dc8",
                            "primary_network_interface_id": "eni-caff1dc8",
                            "private_dns": "ip-192-168-1-175.us-west-2.compute.internal",
                            "private_ip": "192.168.1.175",
                            "public_dns": "",
                            "public_ip": "",
                            "root_block_device.#": "1",
                            "root_block_device.0.delete_on_termination": "true",
                            "root_block_device.0.iops": "100",
                            "root_block_device.0.volume_size": "8",
                            "root_block_device.0.volume_type": "gp2",
                            "security_groups.#": "0",
                            "source_dest_check": "true",
                            "subnet_id": "subnet-09287d52",
                            "tags.%": "2",
                            "tags.Name": "zetcd-2",
                            "tags.Terraform": "true",
                            "tenancy": "default",
                            "user_data": "21d5d2154ee874e9fea3f0dc1099a2be57d66086",
                            "volume_tags.%": "0",
                            "vpc_security_group_ids.#": "1",
                            "vpc_security_group_ids.2744440757": "sg-0d76d670"
                        },
                        "meta": {
                            "e2bfb730-ecaa-11e6-8f88-34363bc7c4c0": {
                                "create": 600000000000,
                                "delete": 600000000000,
                                "update": 600000000000
                            },
                            "schema_version": "1"
                        },
                        "tainted": false
                    },
                    "deposed": [],
                    "provider": ""
                },
                "aws_security_group_rule.private_allow_ping": {
                    "type": "aws_security_group_rule",
                    "depends_on": [
                        "module.private_zone"
                    ],
                    "primary": {
                        "id": "sgrule-420582601",
                        "attributes": {
                            "cidr_blocks.#": "1",
                            "cidr_blocks.0": "0.0.0.0/0",
                            "from_port": "8",
                            "id": "sgrule-420582601",
                            "ipv6_cidr_blocks.#": "0",
                            "prefix_list_ids.#": "0",
                            "protocol": "icmp",
                            "security_group_id": "sg-0d76d670",
                            "self": "false",
                            "to_port": "0",
                            "type": "ingress"
                        },
                        "meta": {
                            "schema_version": "2"
                        },
                        "tainted": false
                    },
                    "deposed": [],
                    "provider": ""
                },
                "aws_security_group_rule.private_allow_ssh": {
                    "type": "aws_security_group_rule",
                    "depends_on": [
                        "data.terraform_remote_state.vpc",
                        "module.private_zone"
                    ],
                    "primary": {
                        "id": "sgrule-3934571960",
                        "attributes": {
                            "cidr_blocks.#": "0",
                            "from_port": "22",
                            "id": "sgrule-3934571960",
                            "ipv6_cidr_blocks.#": "0",
                            "prefix_list_ids.#": "0",
                            "protocol": "tcp",
                            "security_group_id": "sg-0d76d670",
                            "self": "false",
                            "source_security_group_id": "sg-ee862693",
                            "to_port": "22",
                            "type": "ingress"
                        },
                        "meta": {
                            "schema_version": "2"
                        },
                        "tainted": false
                    },
                    "deposed": [],
                    "provider": ""
                },
                "data.aws_availability_zones.available": {
                    "type": "aws_availability_zones",
                    "depends_on": [],
                    "primary": {
                        "id": "2017-10-02 20:00:13.348387891 +0000 UTC",
                        "attributes": {
                            "id": "2017-10-02 20:00:13.348387891 +0000 UTC",
                            "names.#": "3",
                            "names.0": "us-west-2a",
                            "names.1": "us-west-2b",
                            "names.2": "us-west-2c"
                        },
                        "meta": {},
                        "tainted": false
                    },
                    "deposed": [],
                    "provider": ""
                },
                "data.ignition_config.zetcd_config.0": {
                    "type": "ignition_config",
                    "depends_on": [
                        "data.ignition_systemd_unit.etcd_cluster.*"
                    ],
                    "primary": {
                        "id": "0b93ae54245c4ca6f4d5b470675de51bb8a9a9dbe996d74b1d5da44c7e1c71cc",
                        "attributes": {
                            "id": "0b93ae54245c4ca6f4d5b470675de51bb8a9a9dbe996d74b1d5da44c7e1c71cc",
                            "rendered": "{\n    \"ignition\": {\n      \"config\": {},\n      \"timeouts\": {},\n      \"version\": \"2.1.0\"\n    },\n    \"networkd\": {},\n    \"passwd\": {},\n    \"storage\": {},\n    \"systemd\": {\n      \"units\": [\n        {\n          \"dropins\": [\n            {\n              \"contents\": \"[Unit]\\nRequires=coreos-metadata.service\\nAfter=coreos-metadata.service\\n\\n[Service]\\nEnvironmentFile=/run/metadata/coreos\\nExecStart=\\nExecStart=/usr/lib/coreos/etcd-wrapper $ETCD_OPTS \\\\\\n                                       --name=\\\"zetcd-0\\\" \\\\\\n                                       --listen-peer-urls=\\\"http://0.0.0.0:2380\\\" \\\\\\n                                       --listen-client-urls=\\\"http://${COREOS_EC2_IPV4_LOCAL}:2379,http://0.0.0.0:4001\\\" \\\\\\n                                       --initial-advertise-peer-urls=\\\"http://${COREOS_EC2_IPV4_LOCAL}:2380\\\" \\\\\\n                                       --advertise-client-urls=\\\"http://${COREOS_EC2_IPV4_LOCAL}:2379\\\" \\\\\\n                                       --initial-cluster-state=new \\\\\\n                                       --initial-cluster=\\\"zetcd-0=http://192.168.1.5:2380,zetcd-1=http://192.168.1.75:2380,zetcd-2=http://192.168.1.175:2380\\\"\\n\",\n              \"name\": \"20-clct-etcd-member.conf\"\n            }\n          ],\n          \"enabled\": true,\n          \"name\": \"etcd-member.service\"\n        }\n      ]\n    }\n  }",
                            "systemd.#": "1",
                            "systemd.0": "e21333cde64b0dd19eb8eaa9575bea9d69adac9869e212abe2d08fe0daaedcc8"
                        },
                        "meta": {},
                        "tainted": false
                    },
                    "deposed": [],
                    "provider": ""
                },
                "data.ignition_config.zetcd_config.1": {
                    "type": "ignition_config",
                    "depends_on": [
                        "data.ignition_systemd_unit.etcd_cluster.*"
                    ],
                    "primary": {
                        "id": "261878bec086d295612c598052e7150b3a63da0c5533c690d19478ba1f57e533",
                        "attributes": {
                            "id": "261878bec086d295612c598052e7150b3a63da0c5533c690d19478ba1f57e533",
                            "rendered": "{\n    \"ignition\": {\n      \"config\": {},\n      \"timeouts\": {},\n      \"version\": \"2.1.0\"\n    },\n    \"networkd\": {},\n    \"passwd\": {},\n    \"storage\": {},\n    \"systemd\": {\n      \"units\": [\n        {\n          \"dropins\": [\n            {\n              \"contents\": \"[Unit]\\nRequires=coreos-metadata.service\\nAfter=coreos-metadata.service\\n\\n[Service]\\nEnvironmentFile=/run/metadata/coreos\\nExecStart=\\nExecStart=/usr/lib/coreos/etcd-wrapper $ETCD_OPTS \\\\\\n                                       --name=\\\"zetcd-1\\\" \\\\\\n                                       --listen-peer-urls=\\\"http://0.0.0.0:2380\\\" \\\\\\n                                       --listen-client-urls=\\\"http://${COREOS_EC2_IPV4_LOCAL}:2379,http://0.0.0.0:4001\\\" \\\\\\n                                       --initial-advertise-peer-urls=\\\"http://${COREOS_EC2_IPV4_LOCAL}:2380\\\" \\\\\\n                                       --advertise-client-urls=\\\"http://${COREOS_EC2_IPV4_LOCAL}:2379\\\" \\\\\\n                                       --initial-cluster-state=new \\\\\\n                                       --initial-cluster=\\\"zetcd-0=http://192.168.1.5:2380,zetcd-1=http://192.168.1.75:2380,zetcd-2=http://192.168.1.175:2380\\\"\\n\",\n              \"name\": \"20-clct-etcd-member.conf\"\n            }\n          ],\n          \"enabled\": true,\n          \"name\": \"etcd-member.service\"\n        }\n      ]\n    }\n  }",
                            "systemd.#": "1",
                            "systemd.0": "beaf8b56faa271e89648e373b1b28224f59701911efaf72dd59ed0085044d315"
                        },
                        "meta": {},
                        "tainted": false
                    },
                    "deposed": [],
                    "provider": ""
                },
                "data.ignition_config.zetcd_config.2": {
                    "type": "ignition_config",
                    "depends_on": [
                        "data.ignition_systemd_unit.etcd_cluster.*"
                    ],
                    "primary": {
                        "id": "e450a4b73f5071de01e13094bd254de7d6bbe69ea6c460638400bdf6e20a173a",
                        "attributes": {
                            "id": "e450a4b73f5071de01e13094bd254de7d6bbe69ea6c460638400bdf6e20a173a",
                            "rendered": "{\n    \"ignition\": {\n      \"config\": {},\n      \"timeouts\": {},\n      \"version\": \"2.1.0\"\n    },\n    \"networkd\": {},\n    \"passwd\": {},\n    \"storage\": {},\n    \"systemd\": {\n      \"units\": [\n        {\n          \"dropins\": [\n            {\n              \"contents\": \"[Unit]\\nRequires=coreos-metadata.service\\nAfter=coreos-metadata.service\\n\\n[Service]\\nEnvironmentFile=/run/metadata/coreos\\nExecStart=\\nExecStart=/usr/lib/coreos/etcd-wrapper $ETCD_OPTS \\\\\\n                                       --name=\\\"zetcd-2\\\" \\\\\\n                                       --listen-peer-urls=\\\"http://0.0.0.0:2380\\\" \\\\\\n                                       --listen-client-urls=\\\"http://${COREOS_EC2_IPV4_LOCAL}:2379,http://0.0.0.0:4001\\\" \\\\\\n                                       --initial-advertise-peer-urls=\\\"http://${COREOS_EC2_IPV4_LOCAL}:2380\\\" \\\\\\n                                       --advertise-client-urls=\\\"http://${COREOS_EC2_IPV4_LOCAL}:2379\\\" \\\\\\n                                       --initial-cluster-state=new \\\\\\n                                       --initial-cluster=\\\"zetcd-0=http://192.168.1.5:2380,zetcd-1=http://192.168.1.75:2380,zetcd-2=http://192.168.1.175:2380\\\"\\n\",\n              \"name\": \"20-clct-etcd-member.conf\"\n            }\n          ],\n          \"enabled\": true,\n          \"name\": \"etcd-member.service\"\n        }\n      ]\n    }\n  }",
                            "systemd.#": "1",
                            "systemd.0": "d4b4287fc923aed3594838f2f8824740635a1c10e968090d6a7a2798a11e7892"
                        },
                        "meta": {},
                        "tainted": false
                    },
                    "deposed": [],
                    "provider": ""
                },
                "data.ignition_systemd_unit.etcd_cluster.0": {
                    "type": "ignition_systemd_unit",
                    "depends_on": [
                        "data.template_file.etcd_dropin.*"
                    ],
                    "primary": {
                        "id": "e21333cde64b0dd19eb8eaa9575bea9d69adac9869e212abe2d08fe0daaedcc8",
                        "attributes": {
                            "dropin.#": "1",
                            "dropin.0.content": "[Unit]\nRequires=coreos-metadata.service\nAfter=coreos-metadata.service\n\n[Service]\nEnvironmentFile=/run/metadata/coreos\nExecStart=\nExecStart=/usr/lib/coreos/etcd-wrapper $ETCD_OPTS \\\n                                       --name=\"zetcd-0\" \\\n                                       --listen-peer-urls=\"http://0.0.0.0:2380\" \\\n                                       --listen-client-urls=\"http://${COREOS_EC2_IPV4_LOCAL}:2379,http://0.0.0.0:4001\" \\\n                                       --initial-advertise-peer-urls=\"http://${COREOS_EC2_IPV4_LOCAL}:2380\" \\\n                                       --advertise-client-urls=\"http://${COREOS_EC2_IPV4_LOCAL}:2379\" \\\n                                       --initial-cluster-state=new \\\n                                       --initial-cluster=\"zetcd-0=http://192.168.1.5:2380,zetcd-1=http://192.168.1.75:2380,zetcd-2=http://192.168.1.175:2380\"\n",
                            "dropin.0.name": "20-clct-etcd-member.conf",
                            "enabled": "true",
                            "id": "e21333cde64b0dd19eb8eaa9575bea9d69adac9869e212abe2d08fe0daaedcc8",
                            "name": "etcd-member.service"
                        },
                        "meta": {},
                        "tainted": false
                    },
                    "deposed": [],
                    "provider": ""
                },
                "data.ignition_systemd_unit.etcd_cluster.1": {
                    "type": "ignition_systemd_unit",
                    "depends_on": [
                        "data.template_file.etcd_dropin.*"
                    ],
                    "primary": {
                        "id": "beaf8b56faa271e89648e373b1b28224f59701911efaf72dd59ed0085044d315",
                        "attributes": {
                            "dropin.#": "1",
                            "dropin.0.content": "[Unit]\nRequires=coreos-metadata.service\nAfter=coreos-metadata.service\n\n[Service]\nEnvironmentFile=/run/metadata/coreos\nExecStart=\nExecStart=/usr/lib/coreos/etcd-wrapper $ETCD_OPTS \\\n                                       --name=\"zetcd-1\" \\\n                                       --listen-peer-urls=\"http://0.0.0.0:2380\" \\\n                                       --listen-client-urls=\"http://${COREOS_EC2_IPV4_LOCAL}:2379,http://0.0.0.0:4001\" \\\n                                       --initial-advertise-peer-urls=\"http://${COREOS_EC2_IPV4_LOCAL}:2380\" \\\n                                       --advertise-client-urls=\"http://${COREOS_EC2_IPV4_LOCAL}:2379\" \\\n                                       --initial-cluster-state=new \\\n                                       --initial-cluster=\"zetcd-0=http://192.168.1.5:2380,zetcd-1=http://192.168.1.75:2380,zetcd-2=http://192.168.1.175:2380\"\n",
                            "dropin.0.name": "20-clct-etcd-member.conf",
                            "enabled": "true",
                            "id": "beaf8b56faa271e89648e373b1b28224f59701911efaf72dd59ed0085044d315",
                            "name": "etcd-member.service"
                        },
                        "meta": {},
                        "tainted": false
                    },
                    "deposed": [],
                    "provider": ""
                },
                "data.ignition_systemd_unit.etcd_cluster.2": {
                    "type": "ignition_systemd_unit",
                    "depends_on": [
                        "data.template_file.etcd_dropin.*"
                    ],
                    "primary": {
                        "id": "d4b4287fc923aed3594838f2f8824740635a1c10e968090d6a7a2798a11e7892",
                        "attributes": {
                            "dropin.#": "1",
                            "dropin.0.content": "[Unit]\nRequires=coreos-metadata.service\nAfter=coreos-metadata.service\n\n[Service]\nEnvironmentFile=/run/metadata/coreos\nExecStart=\nExecStart=/usr/lib/coreos/etcd-wrapper $ETCD_OPTS \\\n                                       --name=\"zetcd-2\" \\\n                                       --listen-peer-urls=\"http://0.0.0.0:2380\" \\\n                                       --listen-client-urls=\"http://${COREOS_EC2_IPV4_LOCAL}:2379,http://0.0.0.0:4001\" \\\n                                       --initial-advertise-peer-urls=\"http://${COREOS_EC2_IPV4_LOCAL}:2380\" \\\n                                       --advertise-client-urls=\"http://${COREOS_EC2_IPV4_LOCAL}:2379\" \\\n                                       --initial-cluster-state=new \\\n                                       --initial-cluster=\"zetcd-0=http://192.168.1.5:2380,zetcd-1=http://192.168.1.75:2380,zetcd-2=http://192.168.1.175:2380\"\n",
                            "dropin.0.name": "20-clct-etcd-member.conf",
                            "enabled": "true",
                            "id": "d4b4287fc923aed3594838f2f8824740635a1c10e968090d6a7a2798a11e7892",
                            "name": "etcd-member.service"
                        },
                        "meta": {},
                        "tainted": false
                    },
                    "deposed": [],
                    "provider": ""
                },
                "data.null_data_source.availability_zones": {
                    "type": "null_data_source",
                    "depends_on": [
                        "data.null_data_source.az_calc"
                    ],
                    "primary": {
                        "id": "static",
                        "attributes": {
                            "has_computed_default": "default",
                            "id": "static",
                            "inputs.%": "2",
                            "inputs.count": "3",
                            "inputs.names": "us-west-2a,us-west-2b,us-west-2c",
                            "outputs.%": "2",
                            "outputs.count": "3",
                            "outputs.names": "us-west-2a,us-west-2b,us-west-2c",
                            "random": "661466629575916194"
                        },
                        "meta": {},
                        "tainted": false
                    },
                    "deposed": [],
                    "provider": ""
                },
                "data.null_data_source.az_calc": {
                    "type": "null_data_source",
                    "depends_on": [
                        "data.aws_availability_zones.available"
                    ],
                    "primary": {
                        "id": "static",
                        "attributes": {
                            "has_computed_default": "default",
                            "id": "static",
                            "inputs.%": "1",
                            "inputs.names": "us-west-2a,us-west-2b,us-west-2c",
                            "outputs.%": "1",
                            "outputs.names": "us-west-2a,us-west-2b,us-west-2c",
                            "random": "1682471113468737130"
                        },
                        "meta": {},
                        "tainted": false
                    },
                    "deposed": [],
                    "provider": ""
                },
                "data.null_data_source.initial_cluster": {
                    "type": "null_data_source",
                    "depends_on": [],
                    "primary": {
                        "id": "static",
                        "attributes": {
                            "has_computed_default": "default",
                            "id": "static",
                            "inputs.%": "1",
                            "inputs.names": "zetcd-0=http://192.168.1.5:2380,zetcd-1=http://192.168.1.75:2380,zetcd-2=http://192.168.1.175:2380",
                            "outputs.%": "1",
                            "outputs.names": "zetcd-0=http://192.168.1.5:2380,zetcd-1=http://192.168.1.75:2380,zetcd-2=http://192.168.1.175:2380",
                            "random": "6205016442241933708"
                        },
                        "meta": {},
                        "tainted": false
                    },
                    "deposed": [],
                    "provider": ""
                },
                "data.template_file.etcd_dropin.0": {
                    "type": "template_file",
                    "depends_on": [
                        "data.null_data_source.initial_cluster"
                    ],
                    "primary": {
                        "id": "5fd8fe75c8a7cd79ca094c1ef9c1a09cb6a5dee9dc3b4965a5db185812e5e71c",
                        "attributes": {
                            "id": "5fd8fe75c8a7cd79ca094c1ef9c1a09cb6a5dee9dc3b4965a5db185812e5e71c",
                            "rendered": "[Unit]\nRequires=coreos-metadata.service\nAfter=coreos-metadata.service\n\n[Service]\nEnvironmentFile=/run/metadata/coreos\nExecStart=\nExecStart=/usr/lib/coreos/etcd-wrapper $ETCD_OPTS \\\n                                       --name=\"zetcd-0\" \\\n                                       --listen-peer-urls=\"http://0.0.0.0:2380\" \\\n                                       --listen-client-urls=\"http://${COREOS_EC2_IPV4_LOCAL}:2379,http://0.0.0.0:4001\" \\\n                                       --initial-advertise-peer-urls=\"http://${COREOS_EC2_IPV4_LOCAL}:2380\" \\\n                                       --advertise-client-urls=\"http://${COREOS_EC2_IPV4_LOCAL}:2379\" \\\n                                       --initial-cluster-state=new \\\n                                       --initial-cluster=\"zetcd-0=http://192.168.1.5:2380,zetcd-1=http://192.168.1.75:2380,zetcd-2=http://192.168.1.175:2380\"\n",
                            "template": "[Unit]\nRequires=coreos-metadata.service\nAfter=coreos-metadata.service\n\n[Service]\nEnvironmentFile=/run/metadata/coreos\nExecStart=\nExecStart=/usr/lib/coreos/etcd-wrapper $$ETCD_OPTS \\\n                                       --name=\"${name}\" \\\n                                       --listen-peer-urls=\"http://0.0.0.0:2380\" \\\n                                       --listen-client-urls=\"http://$${COREOS_EC2_IPV4_LOCAL}:2379,http://0.0.0.0:4001\" \\\n                                       --initial-advertise-peer-urls=\"http://$${COREOS_EC2_IPV4_LOCAL}:2380\" \\\n                                       --advertise-client-urls=\"http://$${COREOS_EC2_IPV4_LOCAL}:2379\" \\\n                                       --initial-cluster-state=${cluster_state} \\\n                                       --initial-cluster=\"${cluster_list}\"\n",
                            "vars.%": "3",
                            "vars.cluster_list": "zetcd-0=http://192.168.1.5:2380,zetcd-1=http://192.168.1.75:2380,zetcd-2=http://192.168.1.175:2380",
                            "vars.cluster_state": "new",
                            "vars.name": "zetcd-0"
                        },
                        "meta": {},
                        "tainted": false
                    },
                    "deposed": [],
                    "provider": ""
                },
                "data.template_file.etcd_dropin.1": {
                    "type": "template_file",
                    "depends_on": [
                        "data.null_data_source.initial_cluster"
                    ],
                    "primary": {
                        "id": "b53a166604e3aeed3e40028f4b1180d63cdaa5faf64a36ebd5006a5965d95d6f",
                        "attributes": {
                            "id": "b53a166604e3aeed3e40028f4b1180d63cdaa5faf64a36ebd5006a5965d95d6f",
                            "rendered": "[Unit]\nRequires=coreos-metadata.service\nAfter=coreos-metadata.service\n\n[Service]\nEnvironmentFile=/run/metadata/coreos\nExecStart=\nExecStart=/usr/lib/coreos/etcd-wrapper $ETCD_OPTS \\\n                                       --name=\"zetcd-1\" \\\n                                       --listen-peer-urls=\"http://0.0.0.0:2380\" \\\n                                       --listen-client-urls=\"http://${COREOS_EC2_IPV4_LOCAL}:2379,http://0.0.0.0:4001\" \\\n                                       --initial-advertise-peer-urls=\"http://${COREOS_EC2_IPV4_LOCAL}:2380\" \\\n                                       --advertise-client-urls=\"http://${COREOS_EC2_IPV4_LOCAL}:2379\" \\\n                                       --initial-cluster-state=new \\\n                                       --initial-cluster=\"zetcd-0=http://192.168.1.5:2380,zetcd-1=http://192.168.1.75:2380,zetcd-2=http://192.168.1.175:2380\"\n",
                            "template": "[Unit]\nRequires=coreos-metadata.service\nAfter=coreos-metadata.service\n\n[Service]\nEnvironmentFile=/run/metadata/coreos\nExecStart=\nExecStart=/usr/lib/coreos/etcd-wrapper $$ETCD_OPTS \\\n                                       --name=\"${name}\" \\\n                                       --listen-peer-urls=\"http://0.0.0.0:2380\" \\\n                                       --listen-client-urls=\"http://$${COREOS_EC2_IPV4_LOCAL}:2379,http://0.0.0.0:4001\" \\\n                                       --initial-advertise-peer-urls=\"http://$${COREOS_EC2_IPV4_LOCAL}:2380\" \\\n                                       --advertise-client-urls=\"http://$${COREOS_EC2_IPV4_LOCAL}:2379\" \\\n                                       --initial-cluster-state=${cluster_state} \\\n                                       --initial-cluster=\"${cluster_list}\"\n",
                            "vars.%": "3",
                            "vars.cluster_list": "zetcd-0=http://192.168.1.5:2380,zetcd-1=http://192.168.1.75:2380,zetcd-2=http://192.168.1.175:2380",
                            "vars.cluster_state": "new",
                            "vars.name": "zetcd-1"
                        },
                        "meta": {},
                        "tainted": false
                    },
                    "deposed": [],
                    "provider": ""
                },
                "data.template_file.etcd_dropin.2": {
                    "type": "template_file",
                    "depends_on": [
                        "data.null_data_source.initial_cluster"
                    ],
                    "primary": {
                        "id": "d5d2062ddc1745e6c892fa6b70f1cb0731df6383d2b28d97bbbd0841b3018e74",
                        "attributes": {
                            "id": "d5d2062ddc1745e6c892fa6b70f1cb0731df6383d2b28d97bbbd0841b3018e74",
                            "rendered": "[Unit]\nRequires=coreos-metadata.service\nAfter=coreos-metadata.service\n\n[Service]\nEnvironmentFile=/run/metadata/coreos\nExecStart=\nExecStart=/usr/lib/coreos/etcd-wrapper $ETCD_OPTS \\\n                                       --name=\"zetcd-2\" \\\n                                       --listen-peer-urls=\"http://0.0.0.0:2380\" \\\n                                       --listen-client-urls=\"http://${COREOS_EC2_IPV4_LOCAL}:2379,http://0.0.0.0:4001\" \\\n                                       --initial-advertise-peer-urls=\"http://${COREOS_EC2_IPV4_LOCAL}:2380\" \\\n                                       --advertise-client-urls=\"http://${COREOS_EC2_IPV4_LOCAL}:2379\" \\\n                                       --initial-cluster-state=new \\\n                                       --initial-cluster=\"zetcd-0=http://192.168.1.5:2380,zetcd-1=http://192.168.1.75:2380,zetcd-2=http://192.168.1.175:2380\"\n",
                            "template": "[Unit]\nRequires=coreos-metadata.service\nAfter=coreos-metadata.service\n\n[Service]\nEnvironmentFile=/run/metadata/coreos\nExecStart=\nExecStart=/usr/lib/coreos/etcd-wrapper $$ETCD_OPTS \\\n                                       --name=\"${name}\" \\\n                                       --listen-peer-urls=\"http://0.0.0.0:2380\" \\\n                                       --listen-client-urls=\"http://$${COREOS_EC2_IPV4_LOCAL}:2379,http://0.0.0.0:4001\" \\\n                                       --initial-advertise-peer-urls=\"http://$${COREOS_EC2_IPV4_LOCAL}:2380\" \\\n                                       --advertise-client-urls=\"http://$${COREOS_EC2_IPV4_LOCAL}:2379\" \\\n                                       --initial-cluster-state=${cluster_state} \\\n                                       --initial-cluster=\"${cluster_list}\"\n",
                            "vars.%": "3",
                            "vars.cluster_list": "zetcd-0=http://192.168.1.5:2380,zetcd-1=http://192.168.1.75:2380,zetcd-2=http://192.168.1.175:2380",
                            "vars.cluster_state": "new",
                            "vars.name": "zetcd-2"
                        },
                        "meta": {},
                        "tainted": false
                    },
                    "deposed": [],
                    "provider": ""
                },
                "data.terraform_remote_state.vpc": {
                    "type": "terraform_remote_state",
                    "depends_on": [],
                    "primary": {
                        "id": "2017-10-02 20:00:14.678834294 +0000 UTC",
                        "attributes": {
                            "backend": "s3",
                            "config.%": "3",
                            "config.bucket": "terraform.rarmstrong-sandbox.com",
                            "config.key": "us-west-2/vpc/terraform.tfstate",
                            "config.region": "us-west-2",
                            "environment": "default",
                            "id": "2017-10-02 20:00:14.678834294 +0000 UTC",
                            "nat_gateway_ids.#": "3",
                            "nat_gateway_ids.0": "nat-0ac9822ef365da05b",
                            "nat_gateway_ids.1": "nat-0743bacf51928a890",
                            "nat_gateway_ids.2": "nat-0bf4d8c15de0260ee",
                            "openvpn_ssh_command": "ssh -i ~/.ssh/sandbox.pem openvpnas@34.214.200.189",
                            "public_sg_id": "sg-ee862693",
                            "public_subnet_ids.#": "3",
                            "public_subnet_ids.0": "subnet-b3991bd5",
                            "public_subnet_ids.1": "subnet-bfad0ef7",
                            "public_subnet_ids.2": "subnet-89386dd2",
                            "vpc_id": "vpc-1de39e7b"
                        },
                        "meta": {},
                        "tainted": false
                    },
                    "deposed": [],
                    "provider": ""
                }
            },
            "depends_on": []
        },
        {
            "path": [
                "root",
                "private_routetable_az_1"
            ],
            "outputs": {
                "route_table_ids": {
                    "sensitive": false,
                    "type": "list",
                    "value": [
                        "rtb-a63d9adf"
                    ]
                }
            },
            "resources": {
                "aws_route_table.table": {
                    "type": "aws_route_table",
                    "depends_on": [],
                    "primary": {
                        "id": "rtb-a63d9adf",
                        "attributes": {
                            "id": "rtb-a63d9adf",
                            "propagating_vgws.#": "0",
                            "route.#": "1",
                            "route.689585834.cidr_block": "0.0.0.0/0",
                            "route.689585834.egress_only_gateway_id": "",
                            "route.689585834.gateway_id": "",
                            "route.689585834.instance_id": "",
                            "route.689585834.ipv6_cidr_block": "",
                            "route.689585834.nat_gateway_id": "nat-0ac9822ef365da05b",
                            "route.689585834.network_interface_id": "",
                            "route.689585834.vpc_peering_connection_id": "",
                            "tags.%": "2",
                            "tags.Name": "NAT to Public Gateway - us-west-2a",
                            "tags.Terraform": "true",
                            "vpc_id": "vpc-1de39e7b"
                        },
                        "meta": {},
                        "tainted": false
                    },
                    "deposed": [],
                    "provider": ""
                },
                "aws_route_table_association.subnet": {
                    "type": "aws_route_table_association",
                    "depends_on": [
                        "aws_route_table.table"
                    ],
                    "primary": {
                        "id": "rtbassoc-f85f2280",
                        "attributes": {
                            "id": "rtbassoc-f85f2280",
                            "route_table_id": "rtb-a63d9adf",
                            "subnet_id": "subnet-e2b03284"
                        },
                        "meta": {},
                        "tainted": false
                    },
                    "deposed": [],
                    "provider": ""
                }
            },
            "depends_on": []
        },
        {
            "path": [
                "root",
                "private_routetable_az_2"
            ],
            "outputs": {
                "route_table_ids": {
                    "sensitive": false,
                    "type": "list",
                    "value": [
                        "rtb-d93e99a0"
                    ]
                }
            },
            "resources": {
                "aws_route_table.table": {
                    "type": "aws_route_table",
                    "depends_on": [],
                    "primary": {
                        "id": "rtb-d93e99a0",
                        "attributes": {
                            "id": "rtb-d93e99a0",
                            "propagating_vgws.#": "0",
                            "route.#": "1",
                            "route.3316508749.cidr_block": "0.0.0.0/0",
                            "route.3316508749.egress_only_gateway_id": "",
                            "route.3316508749.gateway_id": "",
                            "route.3316508749.instance_id": "",
                            "route.3316508749.ipv6_cidr_block": "",
                            "route.3316508749.nat_gateway_id": "nat-0743bacf51928a890",
                            "route.3316508749.network_interface_id": "",
                            "route.3316508749.vpc_peering_connection_id": "",
                            "tags.%": "2",
                            "tags.Name": "NAT to Public Gateway - us-west-2b",
                            "tags.Terraform": "true",
                            "vpc_id": "vpc-1de39e7b"
                        },
                        "meta": {},
                        "tainted": false
                    },
                    "deposed": [],
                    "provider": ""
                },
                "aws_route_table_association.subnet": {
                    "type": "aws_route_table_association",
                    "depends_on": [
                        "aws_route_table.table"
                    ],
                    "primary": {
                        "id": "rtbassoc-8a5d20f2",
                        "attributes": {
                            "id": "rtbassoc-8a5d20f2",
                            "route_table_id": "rtb-d93e99a0",
                            "subnet_id": "subnet-2a812262"
                        },
                        "meta": {},
                        "tainted": false
                    },
                    "deposed": [],
                    "provider": ""
                }
            },
            "depends_on": []
        },
        {
            "path": [
                "root",
                "private_routetable_az_3"
            ],
            "outputs": {
                "route_table_ids": {
                    "sensitive": false,
                    "type": "list",
                    "value": [
                        "rtb-123a9d6b"
                    ]
                }
            },
            "resources": {
                "aws_route_table.table": {
                    "type": "aws_route_table",
                    "depends_on": [],
                    "primary": {
                        "id": "rtb-123a9d6b",
                        "attributes": {
                            "id": "rtb-123a9d6b",
                            "propagating_vgws.#": "0",
                            "route.#": "1",
                            "route.3579873557.cidr_block": "0.0.0.0/0",
                            "route.3579873557.egress_only_gateway_id": "",
                            "route.3579873557.gateway_id": "",
                            "route.3579873557.instance_id": "",
                            "route.3579873557.ipv6_cidr_block": "",
                            "route.3579873557.nat_gateway_id": "nat-0bf4d8c15de0260ee",
                            "route.3579873557.network_interface_id": "",
                            "route.3579873557.vpc_peering_connection_id": "",
                            "tags.%": "2",
                            "tags.Name": "NAT to Public Gateway - us-west-2c",
                            "tags.Terraform": "true",
                            "vpc_id": "vpc-1de39e7b"
                        },
                        "meta": {},
                        "tainted": false
                    },
                    "deposed": [],
                    "provider": ""
                },
                "aws_route_table_association.subnet": {
                    "type": "aws_route_table_association",
                    "depends_on": [
                        "aws_route_table.table"
                    ],
                    "primary": {
                        "id": "rtbassoc-945e23ec",
                        "attributes": {
                            "id": "rtbassoc-945e23ec",
                            "route_table_id": "rtb-123a9d6b",
                            "subnet_id": "subnet-09287d52"
                        },
                        "meta": {},
                        "tainted": false
                    },
                    "deposed": [],
                    "provider": ""
                }
            },
            "depends_on": []
        },
        {
            "path": [
                "root",
                "private_subnets"
            ],
            "outputs": {
                "ids": {
                    "sensitive": false,
                    "type": "list",
                    "value": [
                        "subnet-e2b03284",
                        "subnet-2a812262",
                        "subnet-09287d52"
                    ]
                }
            },
            "resources": {
                "aws_subnet.subnet.0": {
                    "type": "aws_subnet",
                    "depends_on": [],
                    "primary": {
                        "id": "subnet-e2b03284",
                        "attributes": {
                            "assign_ipv6_address_on_creation": "false",
                            "availability_zone": "us-west-2a",
                            "cidr_block": "192.168.1.0/26",
                            "id": "subnet-e2b03284",
                            "map_public_ip_on_launch": "false",
                            "tags.%": "2",
                            "tags.Name": "Private Zone - us-west-2a",
                            "tags.Terraform": "1",
                            "vpc_id": "vpc-1de39e7b"
                        },
                        "meta": {
                            "schema_version": "1"
                        },
                        "tainted": false
                    },
                    "deposed": [],
                    "provider": ""
                },
                "aws_subnet.subnet.1": {
                    "type": "aws_subnet",
                    "depends_on": [],
                    "primary": {
                        "id": "subnet-2a812262",
                        "attributes": {
                            "assign_ipv6_address_on_creation": "false",
                            "availability_zone": "us-west-2b",
                            "cidr_block": "192.168.1.64/26",
                            "id": "subnet-2a812262",
                            "map_public_ip_on_launch": "false",
                            "tags.%": "2",
                            "tags.Name": "Private Zone - us-west-2b",
                            "tags.Terraform": "1",
                            "vpc_id": "vpc-1de39e7b"
                        },
                        "meta": {
                            "schema_version": "1"
                        },
                        "tainted": false
                    },
                    "deposed": [],
                    "provider": ""
                },
                "aws_subnet.subnet.2": {
                    "type": "aws_subnet",
                    "depends_on": [],
                    "primary": {
                        "id": "subnet-09287d52",
                        "attributes": {
                            "assign_ipv6_address_on_creation": "false",
                            "availability_zone": "us-west-2c",
                            "cidr_block": "192.168.1.128/26",
                            "id": "subnet-09287d52",
                            "map_public_ip_on_launch": "false",
                            "tags.%": "2",
                            "tags.Name": "Private Zone - us-west-2c",
                            "tags.Terraform": "1",
                            "vpc_id": "vpc-1de39e7b"
                        },
                        "meta": {
                            "schema_version": "1"
                        },
                        "tainted": false
                    },
                    "deposed": [],
                    "provider": ""
                }
            },
            "depends_on": []
        },
        {
            "path": [
                "root",
                "private_zone"
            ],
            "outputs": {
                "id": {
                    "sensitive": false,
                    "type": "string",
                    "value": "sg-0d76d670"
                }
            },
            "resources": {
                "aws_security_group.security_group": {
                    "type": "aws_security_group",
                    "depends_on": [],
                    "primary": {
                        "id": "sg-0d76d670",
                        "attributes": {
                            "description": "Managed by Terraform",
                            "egress.#": "1",
                            "egress.482069346.cidr_blocks.#": "1",
                            "egress.482069346.cidr_blocks.0": "0.0.0.0/0",
                            "egress.482069346.from_port": "0",
                            "egress.482069346.ipv6_cidr_blocks.#": "0",
                            "egress.482069346.prefix_list_ids.#": "0",
                            "egress.482069346.protocol": "-1",
                            "egress.482069346.security_groups.#": "0",
                            "egress.482069346.self": "false",
                            "egress.482069346.to_port": "0",
                            "id": "sg-0d76d670",
                            "ingress.#": "3",
                            "ingress.3068409405.cidr_blocks.#": "1",
                            "ingress.3068409405.cidr_blocks.0": "0.0.0.0/0",
                            "ingress.3068409405.from_port": "8",
                            "ingress.3068409405.ipv6_cidr_blocks.#": "0",
                            "ingress.3068409405.protocol": "icmp",
                            "ingress.3068409405.security_groups.#": "0",
                            "ingress.3068409405.self": "false",
                            "ingress.3068409405.to_port": "0",
                            "ingress.3544538468.cidr_blocks.#": "0",
                            "ingress.3544538468.from_port": "0",
                            "ingress.3544538468.ipv6_cidr_blocks.#": "0",
                            "ingress.3544538468.protocol": "tcp",
                            "ingress.3544538468.security_groups.#": "0",
                            "ingress.3544538468.self": "true",
                            "ingress.3544538468.to_port": "65535",
                            "ingress.3850500666.cidr_blocks.#": "0",
                            "ingress.3850500666.from_port": "22",
                            "ingress.3850500666.ipv6_cidr_blocks.#": "0",
                            "ingress.3850500666.protocol": "tcp",
                            "ingress.3850500666.security_groups.#": "1",
                            "ingress.3850500666.security_groups.10469180": "sg-ee862693",
                            "ingress.3850500666.self": "false",
                            "ingress.3850500666.to_port": "22",
                            "name": "private_zone",
                            "owner_id": "799199425018",
                            "tags.%": "2",
                            "tags.Name": "private_zone",
                            "tags.Terraform": "1",
                            "vpc_id": "vpc-1de39e7b"
                        },
                        "meta": {},
                        "tainted": false
                    },
                    "deposed": [],
                    "provider": ""
                },
                "aws_security_group_rule.allow_all_out": {
                    "type": "aws_security_group_rule",
                    "depends_on": [
                        "aws_security_group.security_group"
                    ],
                    "primary": {
                        "id": "sgrule-1020011902",
                        "attributes": {
                            "cidr_blocks.#": "1",
                            "cidr_blocks.0": "0.0.0.0/0",
                            "from_port": "0",
                            "id": "sgrule-1020011902",
                            "ipv6_cidr_blocks.#": "0",
                            "prefix_list_ids.#": "0",
                            "protocol": "-1",
                            "security_group_id": "sg-0d76d670",
                            "self": "false",
                            "to_port": "0",
                            "type": "egress"
                        },
                        "meta": {
                            "schema_version": "2"
                        },
                        "tainted": false
                    },
                    "deposed": [],
                    "provider": ""
                },
                "aws_security_group_rule.allow_all_self": {
                    "type": "aws_security_group_rule",
                    "depends_on": [
                        "aws_security_group.security_group"
                    ],
                    "primary": {
                        "id": "sgrule-912612763",
                        "attributes": {
                            "cidr_blocks.#": "0",
                            "from_port": "0",
                            "id": "sgrule-912612763",
                            "ipv6_cidr_blocks.#": "0",
                            "prefix_list_ids.#": "0",
                            "protocol": "tcp",
                            "security_group_id": "sg-0d76d670",
                            "self": "true",
                            "source_security_group_id": "sg-0d76d670",
                            "to_port": "65535",
                            "type": "ingress"
                        },
                        "meta": {
                            "schema_version": "2"
                        },
                        "tainted": false
                    },
                    "deposed": [],
                    "provider": ""
                }
            },
            "depends_on": []
        }
    ]
}
